PODS:
  - Alamofire (4.8.1)
  - AwaitKit (5.1.0):
    - PromiseKit (~> 6)
  - PromiseKit (6.7.1):
    - PromiseKit/CorePromise (= 6.7.1)
    - PromiseKit/Foundation (= 6.7.1)
    - PromiseKit/UIKit (= 6.7.1)
  - PromiseKit/Alamofire (6.7.1):
    - Alamofire (~> 4.0)
    - PromiseKit/CorePromise
  - PromiseKit/CorePromise (6.7.1)
  - PromiseKit/Foundation (6.7.1):
    - PromiseKit/CorePromise
  - PromiseKit/UIKit (6.7.1):
    - PromiseKit/CorePromise
  - SwiftSignalRClient (0.4.1)

DEPENDENCIES:
  - Alamofire
  - AwaitKit
  - PromiseKit
  - PromiseKit/Alamofire
  - SwiftSignalRClient

SPEC REPOS:
  https://github.com/cocoapods/specs.git:
    - Alamofire
    - AwaitKit
    - PromiseKit
    - SwiftSignalRClient

SPEC CHECKSUMS:
  Alamofire: 16ce2c353fb72865124ddae8a57c5942388f4f11
  AwaitKit: a8a3d8982097ee09ac75f5c5d3952fbcc2f26f1c
  PromiseKit: ef376fb8b4e92edfeb66bd403b983eaa07fbde0c
  SwiftSignalRClient: edd4e6e16c87370ca624c6868279483a2ffe4f1d

PODFILE CHECKSUM: 201a3f0449cb9dd5a9bdf8aa3bb26b55fff8a84e

COCOAPODS: 1.5.3
